<?xml version="1.0" encoding="UTF-8" standalone="yes" ?>
<CodeBlocks_project_file>
	<FileVersion major="1" minor="6" />
	<Project>
		<Option title="Bricks" />
		<Option pch_mode="2" />
		<Option compiler="gcc" />
		<Build>
			<Target title="Debug">
				<Option output="bin/Debug/Bricks" prefix_auto="1" extension_auto="1" />
				<Option object_output="obj/Debug/" />
				<Option type="1" />
				<Option compiler="gcc" />
				<Compiler>
					<Add option="-std=c++11" />
					<Add option="-g" />
					<Add directory="src" />
					<Add directory="src/graphics" />
					<Add directory="src/math" />
				</Compiler>
			</Target>
			<Target title="Release">
				<Option output="bin/Release/Bricks" prefix_auto="1" extension_auto="1" />
				<Option object_output="obj/Release/" />
				<Option type="1" />
				<Option compiler="gcc" />
				<Compiler>
					<Add option="-O2" />
					<Add directory="src" />
					<Add directory="src/graphics" />
					<Add directory="src/math" />
				</Compiler>
				<Linker>
					<Add option="-s" />
				</Linker>
			</Target>
		</Build>
		<Compiler>
			<Add option="-Wall" />
			<Add option="-std=c++11" />
			<Add option="-fexceptions" />
			<Add directory="../_libs/SDL2-2.0.3/i686-w64-mingw32/include" />
			<Add directory="../_libs/SDL2_image-2.0.0/i686-w64-mingw32/include" />
			<Add directory="../_libs/SDL2_mixer-2.0.0/i686-w64-mingw32/include" />
			<Add directory="../_libs/glew/include" />
		</Compiler>
		<Linker>
			<Add option="-lmingw32" />
			<Add option="-lSDL2main" />
			<Add option="-lSDL2" />
			<Add option="-lSDL2_image" />
			<Add option="-lSDL2_mixer" />
			<Add option="-lopengl32" />
			<Add option="-lglu32" />
			<Add option="-lglew32" />
			<Add option="-lglew32mx" />
			<Add directory="../_libs/SDL2-2.0.3/i686-w64-mingw32/lib" />
			<Add directory="../_libs/SDL2_image-2.0.0/i686-w64-mingw32/lib" />
			<Add directory="../_libs/SDL2_mixer-2.0.0/i686-w64-mingw32/lib" />
			<Add directory="../_libs/glew/lib" />
		</Linker>
		<Unit filename="main.cpp" />
		<Unit filename="src/Game.cpp" />
		<Unit filename="src/Game.hpp" />
		<Unit filename="src/Macros.hpp" />
		<Unit filename="src/graphics/Shader.cpp" />
		<Unit filename="src/graphics/Shader.hpp" />
		<Unit filename="src/math/Vector2.hpp" />
		<Extensions>
			<code_completion />
			<envvars />
			<debugger />
			<lib_finder disable_auto="1" />
		</Extensions>
	</Project>
</CodeBlocks_project_file>
