<?xml version="1.0" encoding="UTF-8" standalone="yes" ?>
<CodeBlocks_project_file>
	<FileVersion major="1" minor="6" />
	<Project>
		<Option title="Bricks" />
		<Option pch_mode="2" />
		<Option compiler="gcc" />
		<Build>
			<Target title="Debug">
				<Option output="bin/Debug/Bricks" prefix_auto="1" extension_auto="1" />
				<Option object_output="obj/Debug/" />
				<Option type="1" />
				<Option compiler="gcc" />
				<Compiler>
					<Add option="-std=c++11" />
					<Add option="-g" />
					<Add directory="src" />
					<Add directory="src/graphics" />
					<Add directory="src/math" />
					<Add directory="src/core" />
				</Compiler>
			</Target>
			<Target title="Release">
				<Option output="bin/Release/Bricks" prefix_auto="1" extension_auto="1" />
				<Option object_output="obj/Release/" />
				<Option type="1" />
				<Option compiler="gcc" />
				<Compiler>
					<Add option="-O2" />
					<Add directory="src" />
					<Add directory="src/graphics" />
					<Add directory="src/math" />
					<Add directory="src/core" />
				</Compiler>
				<Linker>
					<Add option="-s" />
				</Linker>
			</Target>
		</Build>
		<Compiler>
			<Add option="-Wall" />
			<Add option="-std=c++11" />
			<Add option="-fexceptions" />
			<Add directory="../_libs/SDL2-2.0.3/i686-w64-mingw32/include" />
			<Add directory="../_libs/SDL2_image-2.0.0/i686-w64-mingw32/include" />
			<Add directory="../_libs/SDL2_mixer-2.0.0/i686-w64-mingw32/include" />
			<Add directory="../_libs/glew/include" />
		</Compiler>
		<Linker>
			<Add option="-lmingw32" />
			<Add option="-lSDL2main" />
			<Add option="-lSDL2" />
			<Add option="-lSDL2_image" />
			<Add option="-lSDL2_mixer" />
			<Add option="-lopengl32" />
			<Add option="-lglu32" />
			<Add option="-lglew32" />
			<Add option="-lglew32mx" />
			<Add directory="../_libs/SDL2-2.0.3/i686-w64-mingw32/lib" />
			<Add directory="../_libs/SDL2_image-2.0.0/i686-w64-mingw32/lib" />
			<Add directory="../_libs/SDL2_mixer-2.0.0/i686-w64-mingw32/lib" />
			<Add directory="../_libs/glew/lib" />
		</Linker>
		<Unit filename="src/core/Clock.cpp" />
		<Unit filename="src/core/Clock.hpp" />
		<Unit filename="src/core/Macros.hpp" />
		<Unit filename="src/core/Time.cpp" />
		<Unit filename="src/core/Time.hpp" />
		<Unit filename="src/core/Transformable.cpp" />
		<Unit filename="src/core/Transformable.hpp" />
		<Unit filename="src/game/Game.cpp" />
		<Unit filename="src/game/Game.hpp" />
		<Unit filename="src/graphics/Color.cpp" />
		<Unit filename="src/graphics/Color.hpp" />
		<Unit filename="src/graphics/Drawable.hpp" />
		<Unit filename="src/graphics/RectShape.cpp" />
		<Unit filename="src/graphics/RectShape.hpp" />
		<Unit filename="src/graphics/RenderStates.hpp" />
		<Unit filename="src/graphics/Renderer.cpp" />
		<Unit filename="src/graphics/Renderer.hpp" />
		<Unit filename="src/graphics/Shader.cpp" />
		<Unit filename="src/graphics/Shader.hpp" />
		<Unit filename="src/graphics/Shape.cpp" />
		<Unit filename="src/graphics/Shape.hpp" />
		<Unit filename="src/graphics/Sprite.cpp" />
		<Unit filename="src/graphics/Sprite.hpp" />
		<Unit filename="src/graphics/Vertex.hpp" />
		<Unit filename="src/graphics/VertexArray.cpp" />
		<Unit filename="src/graphics/VertexArray.hpp" />
		<Unit filename="src/main.cpp" />
		<Unit filename="src/math/Matrix4.cpp" />
		<Unit filename="src/math/Matrix4.hpp" />
		<Unit filename="src/math/Vector2.hpp" />
		<Unit filename="src/math/Vector3.hpp" />
		<Unit filename="src/math/Vector4.hpp" />
		<Extensions>
			<code_completion />
			<envvars />
			<debugger />
			<lib_finder disable_auto="1" />
		</Extensions>
	</Project>
</CodeBlocks_project_file>
